
Microsoft Visual Studio Solution File, Format Version 12.00
# Visual Studio Version 16
VisualStudioVersion = 16.0.31829.152
MinimumVisualStudioVersion = 10.0.40219.1
Project("{FAE04EC0-301F-11D3-BF4B-00C04F79EFBC}") = "TestProjet", "TestProjet.csproj", "{4D65EB5F-272D-4292-ADE2-4639DB57AF23}"
EndProject
Global
	GlobalSection(SolutionConfigurationPlatforms) = preSolution
		Debug|Any CPU = Debug|Any CPU
		Release|Any CPU = Release|Any CPU
	EndGlobalSection
	GlobalSection(ProjectConfigurationPlatforms) = postSolution
		{4D65EB5F-272D-4292-ADE2-4639DB57AF23}.Debug|Any CPU.ActiveCfg = Debug|Any CPU
		{4D65EB5F-272D-4292-ADE2-4639DB57AF23}.Debug|Any CPU.Build.0 = Debug|Any CPU
		{4D65EB5F-272D-4292-ADE2-4639DB57AF23}.Release|Any CPU.ActiveCfg = Release|Any CPU
		{4D65EB5F-272D-4292-ADE2-4639DB57AF23}.Release|Any CPU.Build.0 = Release|Any CPU
	EndGlobalSection
	GlobalSection(SolutionProperties) = preSolution
		HideSolutionNode = FALSE
	EndGlobalSection
	GlobalSection(ExtensibilityGlobals) = postSolution
		SolutionGuid = {C443351A-0D04-41DA-BF64-AEF3598BD141}
	EndGlobalSection
EndGlobal
