
Microsoft Visual Studio Solution File, Format Version 12.00
# Visual Studio Version 16
VisualStudioVersion = 16.0.31829.152
MinimumVisualStudioVersion = 10.0.40219.1
Project("{888888A0-9F3D-457C-B088-3A5042F75D52}") = "Cryptage", "Cryptage.pyproj", "{6A730288-4434-4ECC-B367-D2B3B3F097DD}"
EndProject
Global
	GlobalSection(SolutionConfigurationPlatforms) = preSolution
		Debug|Any CPU = Debug|Any CPU
		Release|Any CPU = Release|Any CPU
	EndGlobalSection
	GlobalSection(ProjectConfigurationPlatforms) = postSolution
		{6A730288-4434-4ECC-B367-D2B3B3F097DD}.Debug|Any CPU.ActiveCfg = Debug|Any CPU
		{6A730288-4434-4ECC-B367-D2B3B3F097DD}.Release|Any CPU.ActiveCfg = Release|Any CPU
	EndGlobalSection
	GlobalSection(SolutionProperties) = preSolution
		HideSolutionNode = FALSE
	EndGlobalSection
	GlobalSection(ExtensibilityGlobals) = postSolution
		SolutionGuid = {3774E85B-5E48-4D10-AEFD-E7C82CA27B5D}
	EndGlobalSection
EndGlobal
